
Microsoft Visual Studio Solution File, Format Version 12.00
# Visual Studio Version 17
VisualStudioVersion = 17.7.34202.233
MinimumVisualStudioVersion = 10.0.40219.1
Project("{FAE04EC0-301F-11D3-BF4B-00C04F79EFBC}") = "Restaurant_Proje", "Restaurant_Proje.csproj", "{E0EA3101-AD2E-47A9-B56C-D27EFB5309CD}"
EndProject
Global
	GlobalSection(SolutionConfigurationPlatforms) = preSolution
		Debug|Any CPU = Debug|Any CPU
		Release|Any CPU = Release|Any CPU
	EndGlobalSection
	GlobalSection(ProjectConfigurationPlatforms) = postSolution
		{E0EA3101-AD2E-47A9-B56C-D27EFB5309CD}.Debug|Any CPU.ActiveCfg = Debug|Any CPU
		{E0EA3101-AD2E-47A9-B56C-D27EFB5309CD}.Debug|Any CPU.Build.0 = Debug|Any CPU
		{E0EA3101-AD2E-47A9-B56C-D27EFB5309CD}.Release|Any CPU.ActiveCfg = Release|Any CPU
		{E0EA3101-AD2E-47A9-B56C-D27EFB5309CD}.Release|Any CPU.Build.0 = Release|Any CPU
	EndGlobalSection
	GlobalSection(SolutionProperties) = preSolution
		HideSolutionNode = FALSE
	EndGlobalSection
	GlobalSection(ExtensibilityGlobals) = postSolution
		SolutionGuid = {E1A7E9F9-1686-4F3E-A352-284580900719}
	EndGlobalSection
EndGlobal
