
Microsoft Visual Studio Solution File, Format Version 12.00
# Visual Studio Version 17
VisualStudioVersion = 17.7.34202.233
MinimumVisualStudioVersion = 10.0.40219.1
Project("{FAE04EC0-301F-11D3-BF4B-00C04F79EFBC}") = "Siniflar", "Siniflar\Siniflar.csproj", "{EB4BD761-F27A-4637-82B3-335531D946C0}"
EndProject
Project("{FAE04EC0-301F-11D3-BF4B-00C04F79EFBC}") = "Siniflar2", "..\Siniflar2\Siniflar2.csproj", "{0496D3D6-2E20-4310-AC1C-096A76DE67DC}"
EndProject
Global
	GlobalSection(SolutionConfigurationPlatforms) = preSolution
		Debug|Any CPU = Debug|Any CPU
		Release|Any CPU = Release|Any CPU
	EndGlobalSection
	GlobalSection(ProjectConfigurationPlatforms) = postSolution
		{EB4BD761-F27A-4637-82B3-335531D946C0}.Debug|Any CPU.ActiveCfg = Debug|Any CPU
		{EB4BD761-F27A-4637-82B3-335531D946C0}.Debug|Any CPU.Build.0 = Debug|Any CPU
		{EB4BD761-F27A-4637-82B3-335531D946C0}.Release|Any CPU.ActiveCfg = Release|Any CPU
		{EB4BD761-F27A-4637-82B3-335531D946C0}.Release|Any CPU.Build.0 = Release|Any CPU
		{0496D3D6-2E20-4310-AC1C-096A76DE67DC}.Debug|Any CPU.ActiveCfg = Debug|Any CPU
		{0496D3D6-2E20-4310-AC1C-096A76DE67DC}.Debug|Any CPU.Build.0 = Debug|Any CPU
		{0496D3D6-2E20-4310-AC1C-096A76DE67DC}.Release|Any CPU.ActiveCfg = Release|Any CPU
		{0496D3D6-2E20-4310-AC1C-096A76DE67DC}.Release|Any CPU.Build.0 = Release|Any CPU
	EndGlobalSection
	GlobalSection(SolutionProperties) = preSolution
		HideSolutionNode = FALSE
	EndGlobalSection
	GlobalSection(ExtensibilityGlobals) = postSolution
		SolutionGuid = {240F08CB-C6E7-4539-8EBC-5CCFF4702353}
	EndGlobalSection
EndGlobal
