
Microsoft Visual Studio Solution File, Format Version 12.00
# Visual Studio Version 17
VisualStudioVersion = 17.7.34202.233
MinimumVisualStudioVersion = 10.0.40219.1
Project("{FAE04EC0-301F-11D3-BF4B-00C04F79EFBC}") = "SessionCookieExample", "SessionCookieExample\SessionCookieExample.csproj", "{CD0E325E-530D-46B3-B809-67C3BDB4A45B}"
EndProject
Global
	GlobalSection(SolutionConfigurationPlatforms) = preSolution
		Debug|Any CPU = Debug|Any CPU
		Release|Any CPU = Release|Any CPU
	EndGlobalSection
	GlobalSection(ProjectConfigurationPlatforms) = postSolution
		{CD0E325E-530D-46B3-B809-67C3BDB4A45B}.Debug|Any CPU.ActiveCfg = Debug|Any CPU
		{CD0E325E-530D-46B3-B809-67C3BDB4A45B}.Debug|Any CPU.Build.0 = Debug|Any CPU
		{CD0E325E-530D-46B3-B809-67C3BDB4A45B}.Release|Any CPU.ActiveCfg = Release|Any CPU
		{CD0E325E-530D-46B3-B809-67C3BDB4A45B}.Release|Any CPU.Build.0 = Release|Any CPU
	EndGlobalSection
	GlobalSection(SolutionProperties) = preSolution
		HideSolutionNode = FALSE
	EndGlobalSection
	GlobalSection(ExtensibilityGlobals) = postSolution
		SolutionGuid = {0339BF9C-355C-4C8B-BEF5-35400C3D5FFD}
	EndGlobalSection
EndGlobal
