
Microsoft Visual Studio Solution File, Format Version 12.00
# Visual Studio Version 17
VisualStudioVersion = 17.7.34221.43
MinimumVisualStudioVersion = 10.0.40219.1
Project("{FAE04EC0-301F-11D3-BF4B-00C04F79EFBC}") = "degiskenler", "degiskenler\degiskenler.csproj", "{CAE10C56-9B36-43B7-9326-BAA532890A03}"
EndProject
Global
	GlobalSection(SolutionConfigurationPlatforms) = preSolution
		Debug|Any CPU = Debug|Any CPU
		Release|Any CPU = Release|Any CPU
	EndGlobalSection
	GlobalSection(ProjectConfigurationPlatforms) = postSolution
		{CAE10C56-9B36-43B7-9326-BAA532890A03}.Debug|Any CPU.ActiveCfg = Debug|Any CPU
		{CAE10C56-9B36-43B7-9326-BAA532890A03}.Debug|Any CPU.Build.0 = Debug|Any CPU
		{CAE10C56-9B36-43B7-9326-BAA532890A03}.Release|Any CPU.ActiveCfg = Release|Any CPU
		{CAE10C56-9B36-43B7-9326-BAA532890A03}.Release|Any CPU.Build.0 = Release|Any CPU
	EndGlobalSection
	GlobalSection(SolutionProperties) = preSolution
		HideSolutionNode = FALSE
	EndGlobalSection
	GlobalSection(ExtensibilityGlobals) = postSolution
		SolutionGuid = {8D4945B5-054C-4654-B5D9-10ACF19C8035}
	EndGlobalSection
EndGlobal
