
Microsoft Visual Studio Solution File, Format Version 12.00
# Visual Studio Version 17
VisualStudioVersion = 17.7.34221.43
MinimumVisualStudioVersion = 10.0.40219.1
Project("{FAE04EC0-301F-11D3-BF4B-00C04F79EFBC}") = "donguler2", "donguler2\donguler2.csproj", "{4341BDB0-F84C-4507-A946-2FA8143388AF}"
EndProject
Global
	GlobalSection(SolutionConfigurationPlatforms) = preSolution
		Debug|Any CPU = Debug|Any CPU
		Release|Any CPU = Release|Any CPU
	EndGlobalSection
	GlobalSection(ProjectConfigurationPlatforms) = postSolution
		{4341BDB0-F84C-4507-A946-2FA8143388AF}.Debug|Any CPU.ActiveCfg = Debug|Any CPU
		{4341BDB0-F84C-4507-A946-2FA8143388AF}.Debug|Any CPU.Build.0 = Debug|Any CPU
		{4341BDB0-F84C-4507-A946-2FA8143388AF}.Release|Any CPU.ActiveCfg = Release|Any CPU
		{4341BDB0-F84C-4507-A946-2FA8143388AF}.Release|Any CPU.Build.0 = Release|Any CPU
	EndGlobalSection
	GlobalSection(SolutionProperties) = preSolution
		HideSolutionNode = FALSE
	EndGlobalSection
	GlobalSection(ExtensibilityGlobals) = postSolution
		SolutionGuid = {E5E6B39A-0C25-4888-BAB9-7492A4E7B3EC}
	EndGlobalSection
EndGlobal
