
Microsoft Visual Studio Solution File, Format Version 12.00
# Visual Studio Version 17
VisualStudioVersion = 17.7.34202.233
MinimumVisualStudioVersion = 10.0.40219.1
Project("{FAE04EC0-301F-11D3-BF4B-00C04F79EFBC}") = "Timer_Ornek", "Timer_Ornek\Timer_Ornek.csproj", "{F377937D-7EBB-452C-8AE3-1C0E9743231F}"
EndProject
Project("{FAE04EC0-301F-11D3-BF4B-00C04F79EFBC}") = "MenuStrip_Ornek", "..\MenuStrip_Ornek\MenuStrip_Ornek.csproj", "{6C9BE7F1-1D72-48AA-91B9-374BEF0FB2B4}"
EndProject
Project("{FAE04EC0-301F-11D3-BF4B-00C04F79EFBC}") = "ListBox_Ekle_Sil_Temizle", "..\ListBox_Ekle_Sil_Temizle\ListBox_Ekle_Sil_Temizle.csproj", "{44571C2F-700F-435A-947F-7991104B59B5}"
EndProject
Project("{FAE04EC0-301F-11D3-BF4B-00C04F79EFBC}") = "Restaurant_Proje", "..\Restaurant_Proje\Restaurant_Proje.csproj", "{F74055CE-2B5C-4B52-9D8A-52D990EC0F18}"
EndProject
Global
	GlobalSection(SolutionConfigurationPlatforms) = preSolution
		Debug|Any CPU = Debug|Any CPU
		Release|Any CPU = Release|Any CPU
	EndGlobalSection
	GlobalSection(ProjectConfigurationPlatforms) = postSolution
		{F377937D-7EBB-452C-8AE3-1C0E9743231F}.Debug|Any CPU.ActiveCfg = Debug|Any CPU
		{F377937D-7EBB-452C-8AE3-1C0E9743231F}.Debug|Any CPU.Build.0 = Debug|Any CPU
		{F377937D-7EBB-452C-8AE3-1C0E9743231F}.Release|Any CPU.ActiveCfg = Release|Any CPU
		{F377937D-7EBB-452C-8AE3-1C0E9743231F}.Release|Any CPU.Build.0 = Release|Any CPU
		{6C9BE7F1-1D72-48AA-91B9-374BEF0FB2B4}.Debug|Any CPU.ActiveCfg = Debug|Any CPU
		{6C9BE7F1-1D72-48AA-91B9-374BEF0FB2B4}.Debug|Any CPU.Build.0 = Debug|Any CPU
		{6C9BE7F1-1D72-48AA-91B9-374BEF0FB2B4}.Release|Any CPU.ActiveCfg = Release|Any CPU
		{6C9BE7F1-1D72-48AA-91B9-374BEF0FB2B4}.Release|Any CPU.Build.0 = Release|Any CPU
		{44571C2F-700F-435A-947F-7991104B59B5}.Debug|Any CPU.ActiveCfg = Debug|Any CPU
		{44571C2F-700F-435A-947F-7991104B59B5}.Debug|Any CPU.Build.0 = Debug|Any CPU
		{44571C2F-700F-435A-947F-7991104B59B5}.Release|Any CPU.ActiveCfg = Release|Any CPU
		{44571C2F-700F-435A-947F-7991104B59B5}.Release|Any CPU.Build.0 = Release|Any CPU
		{F74055CE-2B5C-4B52-9D8A-52D990EC0F18}.Debug|Any CPU.ActiveCfg = Debug|Any CPU
		{F74055CE-2B5C-4B52-9D8A-52D990EC0F18}.Debug|Any CPU.Build.0 = Debug|Any CPU
		{F74055CE-2B5C-4B52-9D8A-52D990EC0F18}.Release|Any CPU.ActiveCfg = Release|Any CPU
		{F74055CE-2B5C-4B52-9D8A-52D990EC0F18}.Release|Any CPU.Build.0 = Release|Any CPU
	EndGlobalSection
	GlobalSection(SolutionProperties) = preSolution
		HideSolutionNode = FALSE
	EndGlobalSection
	GlobalSection(ExtensibilityGlobals) = postSolution
		SolutionGuid = {E48A6F6E-0B42-4CCA-83FE-8580430A8CA8}
	EndGlobalSection
EndGlobal
