
Microsoft Visual Studio Solution File, Format Version 12.00
# Visual Studio Version 17
VisualStudioVersion = 17.7.34221.43
MinimumVisualStudioVersion = 10.0.40219.1
Project("{FAE04EC0-301F-11D3-BF4B-00C04F79EFBC}") = "donguler5", "donguler5\donguler5.csproj", "{82F14AB7-7F84-4713-ACF3-34E2268D85AF}"
EndProject
Global
	GlobalSection(SolutionConfigurationPlatforms) = preSolution
		Debug|Any CPU = Debug|Any CPU
		Release|Any CPU = Release|Any CPU
	EndGlobalSection
	GlobalSection(ProjectConfigurationPlatforms) = postSolution
		{82F14AB7-7F84-4713-ACF3-34E2268D85AF}.Debug|Any CPU.ActiveCfg = Debug|Any CPU
		{82F14AB7-7F84-4713-ACF3-34E2268D85AF}.Debug|Any CPU.Build.0 = Debug|Any CPU
		{82F14AB7-7F84-4713-ACF3-34E2268D85AF}.Release|Any CPU.ActiveCfg = Release|Any CPU
		{82F14AB7-7F84-4713-ACF3-34E2268D85AF}.Release|Any CPU.Build.0 = Release|Any CPU
	EndGlobalSection
	GlobalSection(SolutionProperties) = preSolution
		HideSolutionNode = FALSE
	EndGlobalSection
	GlobalSection(ExtensibilityGlobals) = postSolution
		SolutionGuid = {5D978DCB-5BE0-4156-A4F4-DD0F26F40893}
	EndGlobalSection
EndGlobal
